
Microsoft Visual Studio Solution File, Format Version 12.00
# Visual Studio 14
VisualStudioVersion = 14.0.25420.1
MinimumVisualStudioVersion = 10.0.40219.1
Project("{FAE04EC0-301F-11D3-BF4B-00C04F79EFBC}") = "Ejercicio1", "Ejercicio1\Ejercicio1.csproj", "{74482B1A-2465-469F-A75F-1136A2E2F93F}"
EndProject
Project("{FAE04EC0-301F-11D3-BF4B-00C04F79EFBC}") = "Ejercicio2", "Ejercicio2\Ejercicio2.csproj", "{B2496493-9619-41AD-B40F-E1913D82CC6F}"
EndProject
Project("{FAE04EC0-301F-11D3-BF4B-00C04F79EFBC}") = "Ejercicio3", "Ejercicio3\Ejercicio3.csproj", "{A11614B6-10D0-4F84-B52D-9A80D8F35CC8}"
EndProject
Project("{FAE04EC0-301F-11D3-BF4B-00C04F79EFBC}") = "Ejercicio4", "Ejercicio4\Ejercicio4.csproj", "{D6441E2F-F754-4B7E-82A4-A3D494719AD7}"
EndProject
Project("{FAE04EC0-301F-11D3-BF4B-00C04F79EFBC}") = "Ejercicio5", "Ejercicio5\Ejercicio5.csproj", "{9DA92441-F3A7-41E1-86DA-43449BA5099B}"
EndProject
Project("{FAE04EC0-301F-11D3-BF4B-00C04F79EFBC}") = "Ejercicio6", "Ejercicio6\Ejercicio6.csproj", "{4AE74561-6193-4628-8FC7-968AEF5E270A}"
EndProject
Project("{FAE04EC0-301F-11D3-BF4B-00C04F79EFBC}") = "Ejercicio7", "Ejercicio7\Ejercicio7.csproj", "{FA58FCA3-CF4D-4F5B-9B20-25A605B315E0}"
EndProject
Global
	GlobalSection(SolutionConfigurationPlatforms) = preSolution
		Debug|Any CPU = Debug|Any CPU
		Release|Any CPU = Release|Any CPU
	EndGlobalSection
	GlobalSection(ProjectConfigurationPlatforms) = postSolution
		{74482B1A-2465-469F-A75F-1136A2E2F93F}.Debug|Any CPU.ActiveCfg = Debug|Any CPU
		{74482B1A-2465-469F-A75F-1136A2E2F93F}.Debug|Any CPU.Build.0 = Debug|Any CPU
		{74482B1A-2465-469F-A75F-1136A2E2F93F}.Release|Any CPU.ActiveCfg = Release|Any CPU
		{74482B1A-2465-469F-A75F-1136A2E2F93F}.Release|Any CPU.Build.0 = Release|Any CPU
		{B2496493-9619-41AD-B40F-E1913D82CC6F}.Debug|Any CPU.ActiveCfg = Debug|Any CPU
		{B2496493-9619-41AD-B40F-E1913D82CC6F}.Debug|Any CPU.Build.0 = Debug|Any CPU
		{B2496493-9619-41AD-B40F-E1913D82CC6F}.Release|Any CPU.ActiveCfg = Release|Any CPU
		{B2496493-9619-41AD-B40F-E1913D82CC6F}.Release|Any CPU.Build.0 = Release|Any CPU
		{A11614B6-10D0-4F84-B52D-9A80D8F35CC8}.Debug|Any CPU.ActiveCfg = Debug|Any CPU
		{A11614B6-10D0-4F84-B52D-9A80D8F35CC8}.Debug|Any CPU.Build.0 = Debug|Any CPU
		{A11614B6-10D0-4F84-B52D-9A80D8F35CC8}.Release|Any CPU.ActiveCfg = Release|Any CPU
		{A11614B6-10D0-4F84-B52D-9A80D8F35CC8}.Release|Any CPU.Build.0 = Release|Any CPU
		{D6441E2F-F754-4B7E-82A4-A3D494719AD7}.Debug|Any CPU.ActiveCfg = Debug|Any CPU
		{D6441E2F-F754-4B7E-82A4-A3D494719AD7}.Debug|Any CPU.Build.0 = Debug|Any CPU
		{D6441E2F-F754-4B7E-82A4-A3D494719AD7}.Release|Any CPU.ActiveCfg = Release|Any CPU
		{D6441E2F-F754-4B7E-82A4-A3D494719AD7}.Release|Any CPU.Build.0 = Release|Any CPU
		{9DA92441-F3A7-41E1-86DA-43449BA5099B}.Debug|Any CPU.ActiveCfg = Debug|Any CPU
		{9DA92441-F3A7-41E1-86DA-43449BA5099B}.Debug|Any CPU.Build.0 = Debug|Any CPU
		{9DA92441-F3A7-41E1-86DA-43449BA5099B}.Release|Any CPU.ActiveCfg = Release|Any CPU
		{9DA92441-F3A7-41E1-86DA-43449BA5099B}.Release|Any CPU.Build.0 = Release|Any CPU
		{4AE74561-6193-4628-8FC7-968AEF5E270A}.Debug|Any CPU.ActiveCfg = Debug|Any CPU
		{4AE74561-6193-4628-8FC7-968AEF5E270A}.Debug|Any CPU.Build.0 = Debug|Any CPU
		{4AE74561-6193-4628-8FC7-968AEF5E270A}.Release|Any CPU.ActiveCfg = Release|Any CPU
		{4AE74561-6193-4628-8FC7-968AEF5E270A}.Release|Any CPU.Build.0 = Release|Any CPU
		{FA58FCA3-CF4D-4F5B-9B20-25A605B315E0}.Debug|Any CPU.ActiveCfg = Debug|Any CPU
		{FA58FCA3-CF4D-4F5B-9B20-25A605B315E0}.Debug|Any CPU.Build.0 = Debug|Any CPU
		{FA58FCA3-CF4D-4F5B-9B20-25A605B315E0}.Release|Any CPU.ActiveCfg = Release|Any CPU
		{FA58FCA3-CF4D-4F5B-9B20-25A605B315E0}.Release|Any CPU.Build.0 = Release|Any CPU
	EndGlobalSection
	GlobalSection(SolutionProperties) = preSolution
		HideSolutionNode = FALSE
	EndGlobalSection
EndGlobal
